// !$*UTF8*$!
{
	archiveVersion = 1;
	classes = {
	};
	objectVersion = 46;
	objects = {

/* Begin PBXBuildFile section */
		070D5B4E1E9AAA8D0008BD5D /* libOCMock-iOS.a in Frameworks */ = {isa = PBXBuildFile; fileRef = 070D5B4C1E9AA9B60008BD5D /* libOCMock-iOS.a */; };
		070D5B4F1E9AAB3C0008BD5D /* libOCMock-iOS.a in Frameworks */ = {isa = PBXBuildFile; fileRef = 070D5B4C1E9AA9B60008BD5D /* libOCMock-iOS.a */; };
		070D5B501E9AAB410008BD5D /* libOCMock-iOS.a in Frameworks */ = {isa = PBXBuildFile; fileRef = 070D5B4C1E9AA9B60008BD5D /* libOCMock-iOS.a */; };
		343AB41A1CC99F4F00962943 /* RakamFramework.h in Headers */ = {isa = PBXBuildFile; fileRef = 343AB4191CC99F4F00962943 /* RakamFramework.h */; settings = {ATTRIBUTES = (Public, ); }; };
		343AB41F1CC99FB500962943 /* RakamConstants.m in Sources */ = {isa = PBXBuildFile; fileRef = 9DC708591AD4B28300949778 /* RakamConstants.m */; };
		343AB4201CC99FB800962943 /* RakamDatabaseHelper.m in Sources */ = {isa = PBXBuildFile; fileRef = 60BA92721C2376680043178E /* RakamDatabaseHelper.m */; };
		343AB4211CC99FBA00962943 /* RakamDeviceInfo.m in Sources */ = {isa = PBXBuildFile; fileRef = E96785E41A48E93F00887CCD /* RakamDeviceInfo.m */; };
		343AB4221CC99FBD00962943 /* RakamIdentify.m in Sources */ = {isa = PBXBuildFile; fileRef = 60BA92741C2376680043178E /* RakamIdentify.m */; };
		343AB4231CC99FBF00962943 /* Rakam.m in Sources */ = {isa = PBXBuildFile; fileRef = E96785E71A48E93F00887CCD /* Rakam.m */; };
		343AB4241CC99FC200962943 /* RakamLocationManagerDelegate.m in Sources */ = {isa = PBXBuildFile; fileRef = E96785E91A48E93F00887CCD /* RakamLocationManagerDelegate.m */; };
		343AB4251CC99FC500962943 /* RakamRevenue.m in Sources */ = {isa = PBXBuildFile; fileRef = 60227C0A1CC5AB8A007C117B /* RakamRevenue.m */; };
		343AB4261CC99FC700962943 /* RakamURLConnection.m in Sources */ = {isa = PBXBuildFile; fileRef = 9D40E17A1AB3BF7F0095C7C6 /* RakamURLConnection.m */; };
		343AB4271CC99FC900962943 /* RakamUtils.m in Sources */ = {isa = PBXBuildFile; fileRef = 60BA92761C2376680043178E /* RakamUtils.m */; };
		343AB42D1CC9A1EA00962943 /* RakamARCMacros.h in Headers */ = {isa = PBXBuildFile; fileRef = E96785E11A48E93F00887CCD /* RakamARCMacros.h */; settings = {ATTRIBUTES = (Public, ); }; };
		343AB42E1CC9A1EA00962943 /* RakamConstants.h in Headers */ = {isa = PBXBuildFile; fileRef = E96785E21A48E93F00887CCD /* RakamConstants.h */; settings = {ATTRIBUTES = (Public, ); }; };
		343AB42F1CC9A1EA00962943 /* RakamDatabaseHelper.h in Headers */ = {isa = PBXBuildFile; fileRef = 60BA92711C2376680043178E /* RakamDatabaseHelper.h */; settings = {ATTRIBUTES = (Public, ); }; };
		343AB4301CC9A1EA00962943 /* RakamDeviceInfo.h in Headers */ = {isa = PBXBuildFile; fileRef = E96785E31A48E93F00887CCD /* RakamDeviceInfo.h */; settings = {ATTRIBUTES = (Public, ); }; };
		343AB4311CC9A1EA00962943 /* RakamIdentify.h in Headers */ = {isa = PBXBuildFile; fileRef = 60BA92731C2376680043178E /* RakamIdentify.h */; settings = {ATTRIBUTES = (Public, ); }; };
		343AB4321CC9A1EA00962943 /* Rakam.h in Headers */ = {isa = PBXBuildFile; fileRef = E96785E61A48E93F00887CCD /* Rakam.h */; settings = {ATTRIBUTES = (Public, ); }; };
		343AB4341CC9A1EA00962943 /* RakamLocationManagerDelegate.h in Headers */ = {isa = PBXBuildFile; fileRef = E96785E81A48E93F00887CCD /* RakamLocationManagerDelegate.h */; settings = {ATTRIBUTES = (Public, ); }; };
		343AB4351CC9A1EA00962943 /* RakamRevenue.h in Headers */ = {isa = PBXBuildFile; fileRef = 60227C091CC5AB8A007C117B /* RakamRevenue.h */; settings = {ATTRIBUTES = (Public, ); }; };
		343AB4361CC9A1EA00962943 /* RakamURLConnection.h in Headers */ = {isa = PBXBuildFile; fileRef = 9D40E1791AB3BF7F0095C7C6 /* RakamURLConnection.h */; settings = {ATTRIBUTES = (Public, ); }; };
		343AB4371CC9A1EA00962943 /* RakamUtils.h in Headers */ = {isa = PBXBuildFile; fileRef = 60BA92751C2376680043178E /* RakamUtils.h */; settings = {ATTRIBUTES = (Public, ); }; };
		42C428E3A2F292CF45AD5726 /* libPods-RakamTests.a in Frameworks */ = {isa = PBXBuildFile; fileRef = DB9AFF397E54853B1A74287D /* libPods-RakamTests.a */; };
		600CBC6B1E2EF609001F58A9 /* RakamConstants.m in Sources */ = {isa = PBXBuildFile; fileRef = 9DC708591AD4B28300949778 /* RakamConstants.m */; };
		600CBC6C1E2EF60C001F58A9 /* RakamDatabaseHelper.m in Sources */ = {isa = PBXBuildFile; fileRef = 60BA92721C2376680043178E /* RakamDatabaseHelper.m */; };
		600CBC6D1E2EF60F001F58A9 /* RakamDeviceInfo.m in Sources */ = {isa = PBXBuildFile; fileRef = E96785E41A48E93F00887CCD /* RakamDeviceInfo.m */; };
		600CBC6E1E2EF611001F58A9 /* RakamIdentify.m in Sources */ = {isa = PBXBuildFile; fileRef = 60BA92741C2376680043178E /* RakamIdentify.m */; };
		600CBC6F1E2EF614001F58A9 /* Rakam.m in Sources */ = {isa = PBXBuildFile; fileRef = E96785E71A48E93F00887CCD /* Rakam.m */; };
		600CBC701E2EF617001F58A9 /* RakamLocationManagerDelegate.m in Sources */ = {isa = PBXBuildFile; fileRef = E96785E91A48E93F00887CCD /* RakamLocationManagerDelegate.m */; };
		600CBC711E2EF619001F58A9 /* RakamRevenue.m in Sources */ = {isa = PBXBuildFile; fileRef = 60227C0A1CC5AB8A007C117B /* RakamRevenue.m */; };
		600CBC721E2EF61C001F58A9 /* RakamURLConnection.m in Sources */ = {isa = PBXBuildFile; fileRef = 9D40E17A1AB3BF7F0095C7C6 /* RakamURLConnection.m */; };
		600CBC731E2EF61F001F58A9 /* RakamUtils.m in Sources */ = {isa = PBXBuildFile; fileRef = 60BA92761C2376680043178E /* RakamUtils.m */; };
		600CBC791E2EF637001F58A9 /* RakamDatabaseHelperTests.m in Sources */ = {isa = PBXBuildFile; fileRef = 60BA927D1C23768E0043178E /* RakamDatabaseHelperTests.m */; };
		600CBC7A1E2EF63A001F58A9 /* Rakam+Test.m in Sources */ = {isa = PBXBuildFile; fileRef = 9DFBB9C61AB0D1DD0017F703 /* Rakam+Test.m */; };
		600CBC7C1E2EF63F001F58A9 /* RakamTests.m in Sources */ = {isa = PBXBuildFile; fileRef = 602A9A6A1B754E7B0067230C /* RakamTests.m */; };
		600CBC7D1E2EF646001F58A9 /* RakamTVOSTests.m in Sources */ = {isa = PBXBuildFile; fileRef = 601AF94C1E2EF332006CE4BA /* RakamTVOSTests.m */; };
		600CBC7F1E2EF64C001F58A9 /* BaseTestCase.m in Sources */ = {isa = PBXBuildFile; fileRef = 9DFBB9C91AB0D26E0017F703 /* BaseTestCase.m */; };
		600CBC801E2EF64E001F58A9 /* IdentifyTests.m in Sources */ = {isa = PBXBuildFile; fileRef = 60BA927E1C23768E0043178E /* IdentifyTests.m */; };
		600CBC811E2EF651001F58A9 /* RevenueTests.m in Sources */ = {isa = PBXBuildFile; fileRef = 60227C0D1CC5BC07007C117B /* RevenueTests.m */; };
		600CBC821E2EF654001F58A9 /* SessionTests.m in Sources */ = {isa = PBXBuildFile; fileRef = 9DFBB9CB1AB0D47A0017F703 /* SessionTests.m */; };
		600CBC831E2EF656001F58A9 /* SetupTests.m in Sources */ = {isa = PBXBuildFile; fileRef = 9D82D1D71AC1006600C3F321 /* SetupTests.m */; };
		601AF94B1E2EF2A1006CE4BA /* RakamiOSTests.m in Sources */ = {isa = PBXBuildFile; fileRef = 601AF94A1E2EF2A1006CE4BA /* RakamiOSTests.m */; };
		60227C0B1CC5AB8A007C117B /* RakamRevenue.m in Sources */ = {isa = PBXBuildFile; fileRef = 60227C0A1CC5AB8A007C117B /* RakamRevenue.m */; };
		60227C0C1CC5AC2F007C117B /* RakamRevenue.m in Sources */ = {isa = PBXBuildFile; fileRef = 60227C0A1CC5AB8A007C117B /* RakamRevenue.m */; };
		60227C0E1CC5BC07007C117B /* RevenueTests.m in Sources */ = {isa = PBXBuildFile; fileRef = 60227C0D1CC5BC07007C117B /* RevenueTests.m */; };
		602A9A6B1B754E7B0067230C /* RakamTests.m in Sources */ = {isa = PBXBuildFile; fileRef = 602A9A6A1B754E7B0067230C /* RakamTests.m */; };
		60BA92771C2376680043178E /* RakamDatabaseHelper.m in Sources */ = {isa = PBXBuildFile; fileRef = 60BA92721C2376680043178E /* RakamDatabaseHelper.m */; };
		60BA92781C2376680043178E /* RakamIdentify.m in Sources */ = {isa = PBXBuildFile; fileRef = 60BA92741C2376680043178E /* RakamIdentify.m */; };
		60BA92791C2376680043178E /* RakamUtils.m in Sources */ = {isa = PBXBuildFile; fileRef = 60BA92761C2376680043178E /* RakamUtils.m */; };
		60BA927A1C2376770043178E /* RakamDatabaseHelper.m in Sources */ = {isa = PBXBuildFile; fileRef = 60BA92721C2376680043178E /* RakamDatabaseHelper.m */; };
		60BA927B1C23767B0043178E /* RakamIdentify.m in Sources */ = {isa = PBXBuildFile; fileRef = 60BA92741C2376680043178E /* RakamIdentify.m */; };
		60BA927C1C23767D0043178E /* RakamUtils.m in Sources */ = {isa = PBXBuildFile; fileRef = 60BA92761C2376680043178E /* RakamUtils.m */; };
		60BA927F1C23768E0043178E /* RakamDatabaseHelperTests.m in Sources */ = {isa = PBXBuildFile; fileRef = 60BA927D1C23768E0043178E /* RakamDatabaseHelperTests.m */; };
		60BA92801C23768E0043178E /* IdentifyTests.m in Sources */ = {isa = PBXBuildFile; fileRef = 60BA927E1C23768E0043178E /* IdentifyTests.m */; };
		9D40E17E1AB3BF7F0095C7C6 /* RakamURLConnection.m in Sources */ = {isa = PBXBuildFile; fileRef = 9D40E17A1AB3BF7F0095C7C6 /* RakamURLConnection.m */; };
		9D40E17F1AB3BF7F0095C7C6 /* RakamURLConnection.m in Sources */ = {isa = PBXBuildFile; fileRef = 9D40E17A1AB3BF7F0095C7C6 /* RakamURLConnection.m */; };
		9D82D1D81AC1006600C3F321 /* SetupTests.m in Sources */ = {isa = PBXBuildFile; fileRef = 9D82D1D71AC1006600C3F321 /* SetupTests.m */; };
		9DC7085A1AD4B28300949778 /* RakamConstants.m in Sources */ = {isa = PBXBuildFile; fileRef = 9DC708591AD4B28300949778 /* RakamConstants.m */; };
		9DC7085B1AD4B28300949778 /* RakamConstants.m in Sources */ = {isa = PBXBuildFile; fileRef = 9DC708591AD4B28300949778 /* RakamConstants.m */; };
		9DDE2C031AE7069200B740EC /* DeviceInfoTests.m in Sources */ = {isa = PBXBuildFile; fileRef = 9DDE2C021AE7069200B740EC /* DeviceInfoTests.m */; };
		9DFBB9C71AB0D1DD0017F703 /* Rakam+Test.m in Sources */ = {isa = PBXBuildFile; fileRef = 9DFBB9C61AB0D1DD0017F703 /* Rakam+Test.m */; };
		9DFBB9CA1AB0D26E0017F703 /* BaseTestCase.m in Sources */ = {isa = PBXBuildFile; fileRef = 9DFBB9C91AB0D26E0017F703 /* BaseTestCase.m */; };
		9DFBB9CC1AB0D47A0017F703 /* SessionTests.m in Sources */ = {isa = PBXBuildFile; fileRef = 9DFBB9CB1AB0D47A0017F703 /* SessionTests.m */; };
		DA6B3BB40A3C99F08C34EDFD /* libPods-RakamTVOSTests.a in Frameworks */ = {isa = PBXBuildFile; fileRef = C1E203B94A494052A38E53DF /* libPods-RakamTVOSTests.a */; };
		E93C8C551A59B3B9001339A5 /* RakamLocationManagerDelegateTests.m in Sources */ = {isa = PBXBuildFile; fileRef = E93C8C541A59B3B9001339A5 /* RakamLocationManagerDelegateTests.m */; };
		E96785EC1A48E93F00887CCD /* RakamDeviceInfo.m in Sources */ = {isa = PBXBuildFile; fileRef = E96785E41A48E93F00887CCD /* RakamDeviceInfo.m */; };
		E96785ED1A48E93F00887CCD /* Rakam.m in Sources */ = {isa = PBXBuildFile; fileRef = E96785E71A48E93F00887CCD /* Rakam.m */; };
		E96785EE1A48E93F00887CCD /* RakamLocationManagerDelegate.m in Sources */ = {isa = PBXBuildFile; fileRef = E96785E91A48E93F00887CCD /* RakamLocationManagerDelegate.m */; };
		E96786001A48FBD100887CCD /* RakamDeviceInfo.m in Sources */ = {isa = PBXBuildFile; fileRef = E96785E41A48E93F00887CCD /* RakamDeviceInfo.m */; };
		E96786011A48FBD100887CCD /* Rakam.m in Sources */ = {isa = PBXBuildFile; fileRef = E96785E71A48E93F00887CCD /* Rakam.m */; };
		E96786021A48FBD100887CCD /* RakamLocationManagerDelegate.m in Sources */ = {isa = PBXBuildFile; fileRef = E96785E91A48E93F00887CCD /* RakamLocationManagerDelegate.m */; };
/* End PBXBuildFile section */

/* Begin PBXCopyFilesBuildPhase section */
		E98C05211A48E7FE00800C63 /* CopyFiles */ = {
			isa = PBXCopyFilesBuildPhase;
			buildActionMask = 2147483647;
			dstPath = "include/$(PRODUCT_NAME)";
			dstSubfolderSpec = 16;
			files = (
			);
			runOnlyForDeploymentPostprocessing = 0;
		};
/* End PBXCopyFilesBuildPhase section */

/* Begin PBXFileReference section */
		070D5B4C1E9AA9B60008BD5D /* libOCMock-iOS.a */ = {isa = PBXFileReference; lastKnownFileType = archive.ar; name = "libOCMock-iOS.a"; path = "../../Library/Developer/Xcode/DerivedData/Rakam-aqgzguyndsoipogqtsimjpnpjgyx/Build/Products/Debug-iphonesimulator/OCMock-iOS/libOCMock-iOS.a"; sourceTree = "<group>"; };
		343AB4171CC99F4F00962943 /* Rakam.framework */ = {isa = PBXFileReference; explicitFileType = wrapper.framework; includeInIndex = 0; path = Rakam.framework; sourceTree = BUILT_PRODUCTS_DIR; };
		343AB4191CC99F4F00962943 /* RakamFramework.h */ = {isa = PBXFileReference; lastKnownFileType = sourcecode.c.h; path = RakamFramework.h; sourceTree = "<group>"; };
		343AB41B1CC99F4F00962943 /* Info.plist */ = {isa = PBXFileReference; lastKnownFileType = text.plist.info; path = Info.plist; sourceTree = "<group>"; };
		59E837BC70064214FD8C88C1 /* Pods-RakamTests.release.xcconfig */ = {isa = PBXFileReference; includeInIndex = 1; lastKnownFileType = text.xcconfig; name = "Pods-RakamTests.release.xcconfig"; path = "Pods/Target Support Files/Pods-RakamTests/Pods-RakamTests.release.xcconfig"; sourceTree = "<group>"; };
		600CBC5C1E2EF5B0001F58A9 /* RakamTVOSTests.xctest */ = {isa = PBXFileReference; explicitFileType = wrapper.cfbundle; includeInIndex = 0; path = RakamTVOSTests.xctest; sourceTree = BUILT_PRODUCTS_DIR; };
		600CBC631E2EF5B0001F58A9 /* Info.plist */ = {isa = PBXFileReference; lastKnownFileType = text.plist.xml; path = Info.plist; sourceTree = "<group>"; };
		601AF94A1E2EF2A1006CE4BA /* RakamiOSTests.m */ = {isa = PBXFileReference; fileEncoding = 4; lastKnownFileType = sourcecode.c.objc; path = RakamiOSTests.m; sourceTree = "<group>"; };
		601AF94C1E2EF332006CE4BA /* RakamTVOSTests.m */ = {isa = PBXFileReference; fileEncoding = 4; lastKnownFileType = sourcecode.c.objc; name = RakamTVOSTests.m; path = ../RakamTests/RakamTVOSTests.m; sourceTree = "<group>"; };
		60227C091CC5AB8A007C117B /* RakamRevenue.h */ = {isa = PBXFileReference; fileEncoding = 4; lastKnownFileType = sourcecode.c.h; path = RakamRevenue.h; sourceTree = "<group>"; };
		60227C0A1CC5AB8A007C117B /* RakamRevenue.m */ = {isa = PBXFileReference; fileEncoding = 4; lastKnownFileType = sourcecode.c.objc; path = RakamRevenue.m; sourceTree = "<group>"; };
		60227C0D1CC5BC07007C117B /* RevenueTests.m */ = {isa = PBXFileReference; fileEncoding = 4; lastKnownFileType = sourcecode.c.objc; path = RevenueTests.m; sourceTree = "<group>"; };
		602A9A6A1B754E7B0067230C /* RakamTests.m */ = {isa = PBXFileReference; fileEncoding = 4; lastKnownFileType = sourcecode.c.objc; path = RakamTests.m; sourceTree = "<group>"; };
		60BA92711C2376680043178E /* RakamDatabaseHelper.h */ = {isa = PBXFileReference; fileEncoding = 4; lastKnownFileType = sourcecode.c.h; path = RakamDatabaseHelper.h; sourceTree = "<group>"; };
		60BA92721C2376680043178E /* RakamDatabaseHelper.m */ = {isa = PBXFileReference; fileEncoding = 4; lastKnownFileType = sourcecode.c.objc; path = RakamDatabaseHelper.m; sourceTree = "<group>"; };
		60BA92731C2376680043178E /* RakamIdentify.h */ = {isa = PBXFileReference; fileEncoding = 4; lastKnownFileType = sourcecode.c.h; path = RakamIdentify.h; sourceTree = "<group>"; };
		60BA92741C2376680043178E /* RakamIdentify.m */ = {isa = PBXFileReference; fileEncoding = 4; lastKnownFileType = sourcecode.c.objc; path = RakamIdentify.m; sourceTree = "<group>"; };
		60BA92751C2376680043178E /* RakamUtils.h */ = {isa = PBXFileReference; fileEncoding = 4; lastKnownFileType = sourcecode.c.h; path = RakamUtils.h; sourceTree = "<group>"; };
		60BA92761C2376680043178E /* RakamUtils.m */ = {isa = PBXFileReference; fileEncoding = 4; lastKnownFileType = sourcecode.c.objc; path = RakamUtils.m; sourceTree = "<group>"; };
		60BA927D1C23768E0043178E /* RakamDatabaseHelperTests.m */ = {isa = PBXFileReference; fileEncoding = 4; lastKnownFileType = sourcecode.c.objc; path = RakamDatabaseHelperTests.m; sourceTree = "<group>"; };
		60BA927E1C23768E0043178E /* IdentifyTests.m */ = {isa = PBXFileReference; fileEncoding = 4; lastKnownFileType = sourcecode.c.objc; path = IdentifyTests.m; sourceTree = "<group>"; };
		9723D871F0FD1F111C200175 /* Pods-RakamTVOSTests.release.xcconfig */ = {isa = PBXFileReference; includeInIndex = 1; lastKnownFileType = text.xcconfig; name = "Pods-RakamTVOSTests.release.xcconfig"; path = "Pods/Target Support Files/Pods-RakamTVOSTests/Pods-RakamTVOSTests.release.xcconfig"; sourceTree = "<group>"; };
		9D40E1791AB3BF7F0095C7C6 /* RakamURLConnection.h */ = {isa = PBXFileReference; fileEncoding = 4; lastKnownFileType = sourcecode.c.h; path = RakamURLConnection.h; sourceTree = "<group>"; };
		9D40E17A1AB3BF7F0095C7C6 /* RakamURLConnection.m */ = {isa = PBXFileReference; fileEncoding = 4; lastKnownFileType = sourcecode.c.objc; path = RakamURLConnection.m; sourceTree = "<group>"; };
		9D82D1D71AC1006600C3F321 /* SetupTests.m */ = {isa = PBXFileReference; fileEncoding = 4; lastKnownFileType = sourcecode.c.objc; path = SetupTests.m; sourceTree = "<group>"; };
		9DC708591AD4B28300949778 /* RakamConstants.m */ = {isa = PBXFileReference; fileEncoding = 4; lastKnownFileType = sourcecode.c.objc; path = RakamConstants.m; sourceTree = "<group>"; };
		9DDE2C021AE7069200B740EC /* DeviceInfoTests.m */ = {isa = PBXFileReference; fileEncoding = 4; lastKnownFileType = sourcecode.c.objc; path = DeviceInfoTests.m; sourceTree = "<group>"; };
		9DFBB9C51AB0D1DD0017F703 /* Rakam+Test.h */ = {isa = PBXFileReference; fileEncoding = 4; lastKnownFileType = sourcecode.c.h; path = "Rakam+Test.h"; sourceTree = "<group>"; };
		9DFBB9C61AB0D1DD0017F703 /* Rakam+Test.m */ = {isa = PBXFileReference; fileEncoding = 4; lastKnownFileType = sourcecode.c.objc; path = "Rakam+Test.m"; sourceTree = "<group>"; };
		9DFBB9C81AB0D26E0017F703 /* BaseTestCase.h */ = {isa = PBXFileReference; fileEncoding = 4; lastKnownFileType = sourcecode.c.h; path = BaseTestCase.h; sourceTree = "<group>"; };
		9DFBB9C91AB0D26E0017F703 /* BaseTestCase.m */ = {isa = PBXFileReference; fileEncoding = 4; lastKnownFileType = sourcecode.c.objc; path = BaseTestCase.m; sourceTree = "<group>"; };
		9DFBB9CB1AB0D47A0017F703 /* SessionTests.m */ = {isa = PBXFileReference; fileEncoding = 4; lastKnownFileType = sourcecode.c.objc; path = SessionTests.m; sourceTree = "<group>"; };
		A553A7142982FCF36CA7B0D3 /* Pods-RakamTVOSTests.debug.xcconfig */ = {isa = PBXFileReference; includeInIndex = 1; lastKnownFileType = text.xcconfig; name = "Pods-RakamTVOSTests.debug.xcconfig"; path = "Pods/Target Support Files/Pods-RakamTVOSTests/Pods-RakamTVOSTests.debug.xcconfig"; sourceTree = "<group>"; };
		BBEDD10CA8A6B9F1D5F260BB /* Pods-RakamTests.debug.xcconfig */ = {isa = PBXFileReference; includeInIndex = 1; lastKnownFileType = text.xcconfig; name = "Pods-RakamTests.debug.xcconfig"; path = "Pods/Target Support Files/Pods-RakamTests/Pods-RakamTests.debug.xcconfig"; sourceTree = "<group>"; };
		C1E203B94A494052A38E53DF /* libPods-RakamTVOSTests.a */ = {isa = PBXFileReference; explicitFileType = archive.ar; includeInIndex = 0; path = "libPods-RakamTVOSTests.a"; sourceTree = BUILT_PRODUCTS_DIR; };
		D7280F441D655B9900CF13D4 /* Rakam.modulemap */ = {isa = PBXFileReference; fileEncoding = 4; lastKnownFileType = "sourcecode.module-map"; path = Rakam.modulemap; sourceTree = "<group>"; };
		DB9AFF397E54853B1A74287D /* libPods-RakamTests.a */ = {isa = PBXFileReference; explicitFileType = archive.ar; includeInIndex = 0; path = "libPods-RakamTests.a"; sourceTree = BUILT_PRODUCTS_DIR; };
		E3FB57CBB976024803ACB495 /* .122travis.yml */ = {isa = PBXFileReference; lastKnownFileType = file.yml; path = .122travis.yml; sourceTree = "<group>"; };
		E93C8C541A59B3B9001339A5 /* RakamLocationManagerDelegateTests.m */ = {isa = PBXFileReference; fileEncoding = 4; lastKnownFileType = sourcecode.c.objc; path = RakamLocationManagerDelegateTests.m; sourceTree = "<group>"; };
		E96785E11A48E93F00887CCD /* RakamARCMacros.h */ = {isa = PBXFileReference; fileEncoding = 4; lastKnownFileType = sourcecode.c.h; path = RakamARCMacros.h; sourceTree = "<group>"; };
		E96785E21A48E93F00887CCD /* RakamConstants.h */ = {isa = PBXFileReference; fileEncoding = 4; lastKnownFileType = sourcecode.c.h; path = RakamConstants.h; sourceTree = "<group>"; };
		E96785E31A48E93F00887CCD /* RakamDeviceInfo.h */ = {isa = PBXFileReference; fileEncoding = 4; lastKnownFileType = sourcecode.c.h; path = RakamDeviceInfo.h; sourceTree = "<group>"; };
		E96785E41A48E93F00887CCD /* RakamDeviceInfo.m */ = {isa = PBXFileReference; fileEncoding = 4; lastKnownFileType = sourcecode.c.objc; path = RakamDeviceInfo.m; sourceTree = "<group>"; };
		E96785E61A48E93F00887CCD /* Rakam.h */ = {isa = PBXFileReference; fileEncoding = 4; lastKnownFileType = sourcecode.c.h; path = Rakam.h; sourceTree = "<group>"; };
		E96785E71A48E93F00887CCD /* Rakam.m */ = {isa = PBXFileReference; fileEncoding = 4; lastKnownFileType = sourcecode.c.objc; path = Rakam.m; sourceTree = "<group>"; };
		E96785E81A48E93F00887CCD /* RakamLocationManagerDelegate.h */ = {isa = PBXFileReference; fileEncoding = 4; lastKnownFileType = sourcecode.c.h; path = RakamLocationManagerDelegate.h; sourceTree = "<group>"; };
		E96785E91A48E93F00887CCD /* RakamLocationManagerDelegate.m */ = {isa = PBXFileReference; fileEncoding = 4; lastKnownFileType = sourcecode.c.objc; path = RakamLocationManagerDelegate.m; sourceTree = "<group>"; };
		E98C05231A48E7FE00800C63 /* libRakam.a */ = {isa = PBXFileReference; explicitFileType = archive.ar; includeInIndex = 0; path = libRakam.a; sourceTree = BUILT_PRODUCTS_DIR; };
		E98C052E1A48E7FE00800C63 /* RakamTests.xctest */ = {isa = PBXFileReference; explicitFileType = wrapper.cfbundle; includeInIndex = 0; path = RakamTests.xctest; sourceTree = BUILT_PRODUCTS_DIR; };
		E98C05311A48E7FE00800C63 /* Info.plist */ = {isa = PBXFileReference; lastKnownFileType = text.plist.info; path = Info.plist; sourceTree = "<group>"; };
/* End PBXFileReference section */

/* Begin PBXFrameworksBuildPhase section */
		343AB4131CC99F4F00962943 /* Frameworks */ = {
			isa = PBXFrameworksBuildPhase;
			buildActionMask = 2147483647;
			files = (
				070D5B501E9AAB410008BD5D /* libOCMock-iOS.a in Frameworks */,
			);
			runOnlyForDeploymentPostprocessing = 0;
		};
		600CBC591E2EF5B0001F58A9 /* Frameworks */ = {
			isa = PBXFrameworksBuildPhase;
			buildActionMask = 2147483647;
			files = (
				DA6B3BB40A3C99F08C34EDFD /* libPods-RakamTVOSTests.a in Frameworks */,
			);
			runOnlyForDeploymentPostprocessing = 0;
		};
		E98C05201A48E7FE00800C63 /* Frameworks */ = {
			isa = PBXFrameworksBuildPhase;
			buildActionMask = 2147483647;
			files = (
				070D5B4F1E9AAB3C0008BD5D /* libOCMock-iOS.a in Frameworks */,
			);
			runOnlyForDeploymentPostprocessing = 0;
		};
		E98C052B1A48E7FE00800C63 /* Frameworks */ = {
			isa = PBXFrameworksBuildPhase;
			buildActionMask = 2147483647;
			files = (
				070D5B4E1E9AAA8D0008BD5D /* libOCMock-iOS.a in Frameworks */,
				42C428E3A2F292CF45AD5726 /* libPods-RakamTests.a in Frameworks */,
			);
			runOnlyForDeploymentPostprocessing = 0;
		};
/* End PBXFrameworksBuildPhase section */

/* Begin PBXGroup section */
		343AB4181CC99F4F00962943 /* RakamFramework */ = {
			isa = PBXGroup;
			children = (
				343AB4191CC99F4F00962943 /* RakamFramework.h */,
				D7280F441D655B9900CF13D4 /* Rakam.modulemap */,
				343AB41B1CC99F4F00962943 /* Info.plist */,
			);
			path = RakamFramework;
			sourceTree = "<group>";
		};
		600CBC601E2EF5B0001F58A9 /* RakamTVOSTests */ = {
			isa = PBXGroup;
			children = (
				601AF94C1E2EF332006CE4BA /* RakamTVOSTests.m */,
				600CBC631E2EF5B0001F58A9 /* Info.plist */,
			);
			name = RakamTVOSTests;
			path = RakamTVOSTestsTests;
			sourceTree = "<group>";
		};
		9D55C176B7CB02D142328C19 /* Frameworks */ = {
			isa = PBXGroup;
			children = (
				070D5B4C1E9AA9B60008BD5D /* libOCMock-iOS.a */,
				C1E203B94A494052A38E53DF /* libPods-RakamTVOSTests.a */,
				DB9AFF397E54853B1A74287D /* libPods-RakamTests.a */,
			);
			name = Frameworks;
			sourceTree = "<group>";
		};
		DA44019A1FBCE41A7F8C6968 /* Pods */ = {
			isa = PBXGroup;
			children = (
				A553A7142982FCF36CA7B0D3 /* Pods-RakamTVOSTests.debug.xcconfig */,
				9723D871F0FD1F111C200175 /* Pods-RakamTVOSTests.release.xcconfig */,
				BBEDD10CA8A6B9F1D5F260BB /* Pods-RakamTests.debug.xcconfig */,
				59E837BC70064214FD8C88C1 /* Pods-RakamTests.release.xcconfig */,
			);
			name = Pods;
			sourceTree = "<group>";
		};
		E98C051A1A48E7FE00800C63 = {
			isa = PBXGroup;
			children = (
				E98C05251A48E7FE00800C63 /* Rakam */,
				E98C052F1A48E7FE00800C63 /* RakamTests */,
				343AB4181CC99F4F00962943 /* RakamFramework */,
				600CBC601E2EF5B0001F58A9 /* RakamTVOSTests */,
				E98C05241A48E7FE00800C63 /* Products */,
				DA44019A1FBCE41A7F8C6968 /* Pods */,
				9D55C176B7CB02D142328C19 /* Frameworks */,
				E3FB57CBB976024803ACB495 /* .122travis.yml */,
			);
			sourceTree = "<group>";
		};
		E98C05241A48E7FE00800C63 /* Products */ = {
			isa = PBXGroup;
			children = (
				E98C05231A48E7FE00800C63 /* libRakam.a */,
				E98C052E1A48E7FE00800C63 /* RakamTests.xctest */,
				343AB4171CC99F4F00962943 /* Rakam.framework */,
				600CBC5C1E2EF5B0001F58A9 /* RakamTVOSTests.xctest */,
			);
			name = Products;
			sourceTree = "<group>";
		};
		E98C05251A48E7FE00800C63 /* Rakam */ = {
			isa = PBXGroup;
			children = (
				E96785E11A48E93F00887CCD /* RakamARCMacros.h */,
				E96785E21A48E93F00887CCD /* RakamConstants.h */,
				9DC708591AD4B28300949778 /* RakamConstants.m */,
				60BA92711C2376680043178E /* RakamDatabaseHelper.h */,
				60BA92721C2376680043178E /* RakamDatabaseHelper.m */,
				E96785E31A48E93F00887CCD /* RakamDeviceInfo.h */,
				E96785E41A48E93F00887CCD /* RakamDeviceInfo.m */,
				60BA92731C2376680043178E /* RakamIdentify.h */,
				60BA92741C2376680043178E /* RakamIdentify.m */,
				E96785E61A48E93F00887CCD /* Rakam.h */,
				E96785E71A48E93F00887CCD /* Rakam.m */,
				E96785E81A48E93F00887CCD /* RakamLocationManagerDelegate.h */,
				E96785E91A48E93F00887CCD /* RakamLocationManagerDelegate.m */,
				60227C091CC5AB8A007C117B /* RakamRevenue.h */,
				60227C0A1CC5AB8A007C117B /* RakamRevenue.m */,
				9D40E1791AB3BF7F0095C7C6 /* RakamURLConnection.h */,
				9D40E17A1AB3BF7F0095C7C6 /* RakamURLConnection.m */,
				60BA92751C2376680043178E /* RakamUtils.h */,
				60BA92761C2376680043178E /* RakamUtils.m */,
			);
			path = Rakam;
			sourceTree = "<group>";
		};
		E98C052F1A48E7FE00800C63 /* RakamTests */ = {
			isa = PBXGroup;
			children = (
				60BA927D1C23768E0043178E /* RakamDatabaseHelperTests.m */,
				9DFBB9C51AB0D1DD0017F703 /* Rakam+Test.h */,
				9DFBB9C61AB0D1DD0017F703 /* Rakam+Test.m */,
				602A9A6A1B754E7B0067230C /* RakamTests.m */,
				601AF94A1E2EF2A1006CE4BA /* RakamiOSTests.m */,
				E93C8C541A59B3B9001339A5 /* RakamLocationManagerDelegateTests.m */,
				9DFBB9C81AB0D26E0017F703 /* BaseTestCase.h */,
				9DFBB9C91AB0D26E0017F703 /* BaseTestCase.m */,
				9DDE2C021AE7069200B740EC /* DeviceInfoTests.m */,
				60BA927E1C23768E0043178E /* IdentifyTests.m */,
				60227C0D1CC5BC07007C117B /* RevenueTests.m */,
				9DFBB9CB1AB0D47A0017F703 /* SessionTests.m */,
				9D82D1D71AC1006600C3F321 /* SetupTests.m */,
				E98C05301A48E7FE00800C63 /* Supporting Files */,
			);
			path = RakamTests;
			sourceTree = "<group>";
		};
		E98C05301A48E7FE00800C63 /* Supporting Files */ = {
			isa = PBXGroup;
			children = (
				E98C05311A48E7FE00800C63 /* Info.plist */,
			);
			name = "Supporting Files";
			sourceTree = "<group>";
		};
/* End PBXGroup section */

/* Begin PBXHeadersBuildPhase section */
		343AB4141CC99F4F00962943 /* Headers */ = {
			isa = PBXHeadersBuildPhase;
			buildActionMask = 2147483647;
			files = (
				343AB4321CC9A1EA00962943 /* Rakam.h in Headers */,
				343AB4351CC9A1EA00962943 /* RakamRevenue.h in Headers */,
				343AB4341CC9A1EA00962943 /* RakamLocationManagerDelegate.h in Headers */,
				343AB42F1CC9A1EA00962943 /* RakamDatabaseHelper.h in Headers */,
				343AB4301CC9A1EA00962943 /* RakamDeviceInfo.h in Headers */,
				343AB41A1CC99F4F00962943 /* RakamFramework.h in Headers */,
				343AB42E1CC9A1EA00962943 /* RakamConstants.h in Headers */,
				343AB42D1CC9A1EA00962943 /* RakamARCMacros.h in Headers */,
				343AB4311CC9A1EA00962943 /* RakamIdentify.h in Headers */,
				343AB4361CC9A1EA00962943 /* RakamURLConnection.h in Headers */,
				343AB4371CC9A1EA00962943 /* RakamUtils.h in Headers */,
			);
			runOnlyForDeploymentPostprocessing = 0;
		};
/* End PBXHeadersBuildPhase section */

/* Begin PBXNativeTarget section */
		343AB4161CC99F4F00962943 /* RakamFramework */ = {
			isa = PBXNativeTarget;
			buildConfigurationList = 343AB41E1CC99F4F00962943 /* Build configuration list for PBXNativeTarget "RakamFramework" */;
			buildPhases = (
				343AB4121CC99F4F00962943 /* Sources */,
				343AB4131CC99F4F00962943 /* Frameworks */,
				343AB4141CC99F4F00962943 /* Headers */,
				343AB4151CC99F4F00962943 /* Resources */,
			);
			buildRules = (
			);
			dependencies = (
			);
			name = RakamFramework;
			productName = RakamFramework;
			productReference = 343AB4171CC99F4F00962943 /* Rakam.framework */;
			productType = "com.apple.product-type.framework";
		};
		600CBC5B1E2EF5B0001F58A9 /* RakamTVOSTests */ = {
			isa = PBXNativeTarget;
			buildConfigurationList = 600CBC681E2EF5B0001F58A9 /* Build configuration list for PBXNativeTarget "RakamTVOSTests" */;
			buildPhases = (
				E08C54F0D34492E850338FFD /* [CP] Check Pods Manifest.lock */,
				600CBC581E2EF5B0001F58A9 /* Sources */,
				600CBC591E2EF5B0001F58A9 /* Frameworks */,
				600CBC5A1E2EF5B0001F58A9 /* Resources */,
				6230618AF5FBAD4DD194E331 /* [CP] Embed Pods Frameworks */,
				284F537EE8F2267E36523AB2 /* [CP] Copy Pods Resources */,
			);
			buildRules = (
			);
			dependencies = (
			);
			name = RakamTVOSTests;
			productName = RakamTVOSTestsTests;
			productReference = 600CBC5C1E2EF5B0001F58A9 /* RakamTVOSTests.xctest */;
			productType = "com.apple.product-type.bundle.unit-test";
		};
		E98C05221A48E7FE00800C63 /* Rakam */ = {
			isa = PBXNativeTarget;
			buildConfigurationList = E98C05341A48E7FE00800C63 /* Build configuration list for PBXNativeTarget "Rakam" */;
			buildPhases = (
				E98C051F1A48E7FE00800C63 /* Sources */,
				E98C05201A48E7FE00800C63 /* Frameworks */,
				E98C05211A48E7FE00800C63 /* CopyFiles */,
			);
			buildRules = (
			);
			dependencies = (
			);
			name = Rakam;
			productName = Rakam;
			productReference = E98C05231A48E7FE00800C63 /* libRakam.a */;
			productType = "com.apple.product-type.library.static";
		};
		E98C052D1A48E7FE00800C63 /* RakamTests */ = {
			isa = PBXNativeTarget;
			buildConfigurationList = E98C05371A48E7FE00800C63 /* Build configuration list for PBXNativeTarget "RakamTests" */;
			buildPhases = (
				BB20E1C5C36627C8055C05E6 /* [CP] Check Pods Manifest.lock */,
				E98C052A1A48E7FE00800C63 /* Sources */,
				E98C052B1A48E7FE00800C63 /* Frameworks */,
				E98C052C1A48E7FE00800C63 /* Resources */,
				96CBC1969C57DB2301539A45 /* [CP] Embed Pods Frameworks */,
				DE466422D88B97A34CE814EA /* [CP] Copy Pods Resources */,
			);
			buildRules = (
			);
			dependencies = (
			);
			name = RakamTests;
			productName = RakamTests;
			productReference = E98C052E1A48E7FE00800C63 /* RakamTests.xctest */;
			productType = "com.apple.product-type.bundle.unit-test";
		};
/* End PBXNativeTarget section */

/* Begin PBXProject section */
		E98C051B1A48E7FE00800C63 /* Project object */ = {
			isa = PBXProject;
			attributes = {
				LastUpgradeCheck = 0830;
				ORGANIZATIONNAME = Rakam;
				TargetAttributes = {
					343AB4161CC99F4F00962943 = {
						CreatedOnToolsVersion = 7.3;
						DevelopmentTeam = 3G4Z35PA84;
					};
					600CBC5B1E2EF5B0001F58A9 = {
						CreatedOnToolsVersion = 8.2.1;
						DevelopmentTeam = 3G4Z35PA84;
						ProvisioningStyle = Automatic;
					};
					E98C05221A48E7FE00800C63 = {
						CreatedOnToolsVersion = 6.0.1;
						DevelopmentTeam = 3G4Z35PA84;
					};
					E98C052D1A48E7FE00800C63 = {
						CreatedOnToolsVersion = 6.0.1;
						DevelopmentTeam = 3G4Z35PA84;
						ProvisioningStyle = Automatic;
					};
				};
			};
			buildConfigurationList = E98C051E1A48E7FE00800C63 /* Build configuration list for PBXProject "Rakam" */;
			compatibilityVersion = "Xcode 3.2";
			developmentRegion = English;
			hasScannedForEncodings = 0;
			knownRegions = (
				en,
			);
			mainGroup = E98C051A1A48E7FE00800C63;
			productRefGroup = E98C05241A48E7FE00800C63 /* Products */;
			projectDirPath = "";
			projectRoot = "";
			targets = (
				E98C05221A48E7FE00800C63 /* Rakam */,
				E98C052D1A48E7FE00800C63 /* RakamTests */,
				343AB4161CC99F4F00962943 /* RakamFramework */,
				600CBC5B1E2EF5B0001F58A9 /* RakamTVOSTests */,
			);
		};
/* End PBXProject section */

/* Begin PBXResourcesBuildPhase section */
		343AB4151CC99F4F00962943 /* Resources */ = {
			isa = PBXResourcesBuildPhase;
			buildActionMask = 2147483647;
			files = (
			);
			runOnlyForDeploymentPostprocessing = 0;
		};
		600CBC5A1E2EF5B0001F58A9 /* Resources */ = {
			isa = PBXResourcesBuildPhase;
			buildActionMask = 2147483647;
			files = (
			);
			runOnlyForDeploymentPostprocessing = 0;
		};
		E98C052C1A48E7FE00800C63 /* Resources */ = {
			isa = PBXResourcesBuildPhase;
			buildActionMask = 2147483647;
			files = (
			);
			runOnlyForDeploymentPostprocessing = 0;
		};
/* End PBXResourcesBuildPhase section */

/* Begin PBXShellScriptBuildPhase section */
		284F537EE8F2267E36523AB2 /* [CP] Copy Pods Resources */ = {
			isa = PBXShellScriptBuildPhase;
			buildActionMask = 2147483647;
			files = (
			);
			inputPaths = (
			);
			name = "[CP] Copy Pods Resources";
			outputPaths = (
			);
			runOnlyForDeploymentPostprocessing = 0;
			shellPath = /bin/sh;
			shellScript = "\"${SRCROOT}/Pods/Target Support Files/Pods-RakamTVOSTests/Pods-RakamTVOSTests-resources.sh\"\n";
			showEnvVarsInLog = 0;
		};
		6230618AF5FBAD4DD194E331 /* [CP] Embed Pods Frameworks */ = {
			isa = PBXShellScriptBuildPhase;
			buildActionMask = 2147483647;
			files = (
			);
			inputPaths = (
			);
			name = "[CP] Embed Pods Frameworks";
			outputPaths = (
			);
			runOnlyForDeploymentPostprocessing = 0;
			shellPath = /bin/sh;
			shellScript = "\"${SRCROOT}/Pods/Target Support Files/Pods-RakamTVOSTests/Pods-RakamTVOSTests-frameworks.sh\"\n";
			showEnvVarsInLog = 0;
		};
		96CBC1969C57DB2301539A45 /* [CP] Embed Pods Frameworks */ = {
			isa = PBXShellScriptBuildPhase;
			buildActionMask = 2147483647;
			files = (
			);
			inputPaths = (
			);
			name = "[CP] Embed Pods Frameworks";
			outputPaths = (
			);
			runOnlyForDeploymentPostprocessing = 0;
			shellPath = /bin/sh;
			shellScript = "\"${SRCROOT}/Pods/Target Support Files/Pods-RakamTests/Pods-RakamTests-frameworks.sh\"\n";
			showEnvVarsInLog = 0;
		};
		BB20E1C5C36627C8055C05E6 /* [CP] Check Pods Manifest.lock */ = {
			isa = PBXShellScriptBuildPhase;
			buildActionMask = 2147483647;
			files = (
			);
			inputPaths = (
			);
			name = "[CP] Check Pods Manifest.lock";
			outputPaths = (
			);
			runOnlyForDeploymentPostprocessing = 0;
			shellPath = /bin/sh;
			shellScript = "diff \"${PODS_ROOT}/../Podfile.lock\" \"${PODS_ROOT}/Manifest.lock\" > /dev/null\nif [[ $? != 0 ]] ; then\n    cat << EOM\nerror: The sandbox is not in sync with the Podfile.lock. Run 'pod install' or update your CocoaPods installation.\nEOM\n    exit 1\nfi\n";
			showEnvVarsInLog = 0;
		};
		DE466422D88B97A34CE814EA /* [CP] Copy Pods Resources */ = {
			isa = PBXShellScriptBuildPhase;
			buildActionMask = 2147483647;
			files = (
			);
			inputPaths = (
			);
			name = "[CP] Copy Pods Resources";
			outputPaths = (
			);
			runOnlyForDeploymentPostprocessing = 0;
			shellPath = /bin/sh;
			shellScript = "\"${SRCROOT}/Pods/Target Support Files/Pods-RakamTests/Pods-RakamTests-resources.sh\"\n";
			showEnvVarsInLog = 0;
		};
		E08C54F0D34492E850338FFD /* [CP] Check Pods Manifest.lock */ = {
			isa = PBXShellScriptBuildPhase;
			buildActionMask = 2147483647;
			files = (
			);
			inputPaths = (
			);
			name = "[CP] Check Pods Manifest.lock";
			outputPaths = (
			);
			runOnlyForDeploymentPostprocessing = 0;
			shellPath = /bin/sh;
			shellScript = "diff \"${PODS_ROOT}/../Podfile.lock\" \"${PODS_ROOT}/Manifest.lock\" > /dev/null\nif [[ $? != 0 ]] ; then\n    cat << EOM\nerror: The sandbox is not in sync with the Podfile.lock. Run 'pod install' or update your CocoaPods installation.\nEOM\n    exit 1\nfi\n";
			showEnvVarsInLog = 0;
		};
/* End PBXShellScriptBuildPhase section */

/* Begin PBXSourcesBuildPhase section */
		343AB4121CC99F4F00962943 /* Sources */ = {
			isa = PBXSourcesBuildPhase;
			buildActionMask = 2147483647;
			files = (
				343AB4211CC99FBA00962943 /* RakamDeviceInfo.m in Sources */,
				343AB41F1CC99FB500962943 /* RakamConstants.m in Sources */,
				343AB4251CC99FC500962943 /* RakamRevenue.m in Sources */,
				343AB4231CC99FBF00962943 /* Rakam.m in Sources */,
				343AB4221CC99FBD00962943 /* RakamIdentify.m in Sources */,
				343AB4241CC99FC200962943 /* RakamLocationManagerDelegate.m in Sources */,
				343AB4271CC99FC900962943 /* RakamUtils.m in Sources */,
				343AB4261CC99FC700962943 /* RakamURLConnection.m in Sources */,
				343AB4201CC99FB800962943 /* RakamDatabaseHelper.m in Sources */,
			);
			runOnlyForDeploymentPostprocessing = 0;
		};
		600CBC581E2EF5B0001F58A9 /* Sources */ = {
			isa = PBXSourcesBuildPhase;
			buildActionMask = 2147483647;
			files = (
				600CBC6D1E2EF60F001F58A9 /* RakamDeviceInfo.m in Sources */,
				600CBC721E2EF61C001F58A9 /* RakamURLConnection.m in Sources */,
				600CBC731E2EF61F001F58A9 /* RakamUtils.m in Sources */,
				600CBC7C1E2EF63F001F58A9 /* RakamTests.m in Sources */,
				600CBC821E2EF654001F58A9 /* SessionTests.m in Sources */,
				600CBC791E2EF637001F58A9 /* RakamDatabaseHelperTests.m in Sources */,
				600CBC7A1E2EF63A001F58A9 /* Rakam+Test.m in Sources */,
				600CBC6F1E2EF614001F58A9 /* Rakam.m in Sources */,
				600CBC701E2EF617001F58A9 /* RakamLocationManagerDelegate.m in Sources */,
				600CBC7F1E2EF64C001F58A9 /* BaseTestCase.m in Sources */,
				600CBC6B1E2EF609001F58A9 /* RakamConstants.m in Sources */,
				600CBC831E2EF656001F58A9 /* SetupTests.m in Sources */,
				600CBC6E1E2EF611001F58A9 /* RakamIdentify.m in Sources */,
				600CBC6C1E2EF60C001F58A9 /* RakamDatabaseHelper.m in Sources */,
				600CBC811E2EF651001F58A9 /* RevenueTests.m in Sources */,
				600CBC801E2EF64E001F58A9 /* IdentifyTests.m in Sources */,
				600CBC7D1E2EF646001F58A9 /* RakamTVOSTests.m in Sources */,
				600CBC711E2EF619001F58A9 /* RakamRevenue.m in Sources */,
			);
			runOnlyForDeploymentPostprocessing = 0;
		};
		E98C051F1A48E7FE00800C63 /* Sources */ = {
			isa = PBXSourcesBuildPhase;
			buildActionMask = 2147483647;
			files = (
				60BA92771C2376680043178E /* RakamDatabaseHelper.m in Sources */,
				60BA92781C2376680043178E /* RakamIdentify.m in Sources */,
				60227C0B1CC5AB8A007C117B /* RakamRevenue.m in Sources */,
				9D40E17E1AB3BF7F0095C7C6 /* RakamURLConnection.m in Sources */,
				E96785EC1A48E93F00887CCD /* RakamDeviceInfo.m in Sources */,
				E96785EE1A48E93F00887CCD /* RakamLocationManagerDelegate.m in Sources */,
				60BA92791C2376680043178E /* RakamUtils.m in Sources */,
				9DC7085A1AD4B28300949778 /* RakamConstants.m in Sources */,
				E96785ED1A48E93F00887CCD /* Rakam.m in Sources */,
			);
			runOnlyForDeploymentPostprocessing = 0;
		};
		E98C052A1A48E7FE00800C63 /* Sources */ = {
			isa = PBXSourcesBuildPhase;
			buildActionMask = 2147483647;
			files = (
				60BA92801C23768E0043178E /* IdentifyTests.m in Sources */,
				602A9A6B1B754E7B0067230C /* RakamTests.m in Sources */,
				9DFBB9CC1AB0D47A0017F703 /* SessionTests.m in Sources */,
				E96786001A48FBD100887CCD /* RakamDeviceInfo.m in Sources */,
				9DFBB9CA1AB0D26E0017F703 /* BaseTestCase.m in Sources */,
				60BA927C1C23767D0043178E /* RakamUtils.m in Sources */,
				601AF94B1E2EF2A1006CE4BA /* RakamiOSTests.m in Sources */,
				9DC7085B1AD4B28300949778 /* RakamConstants.m in Sources */,
				60BA927B1C23767B0043178E /* RakamIdentify.m in Sources */,
				60227C0E1CC5BC07007C117B /* RevenueTests.m in Sources */,
				60227C0C1CC5AC2F007C117B /* RakamRevenue.m in Sources */,
				9D82D1D81AC1006600C3F321 /* SetupTests.m in Sources */,
				60BA927A1C2376770043178E /* RakamDatabaseHelper.m in Sources */,
				E96786011A48FBD100887CCD /* Rakam.m in Sources */,
				E93C8C551A59B3B9001339A5 /* RakamLocationManagerDelegateTests.m in Sources */,
				9D40E17F1AB3BF7F0095C7C6 /* RakamURLConnection.m in Sources */,
				E96786021A48FBD100887CCD /* RakamLocationManagerDelegate.m in Sources */,
				60BA927F1C23768E0043178E /* RakamDatabaseHelperTests.m in Sources */,
				9DFBB9C71AB0D1DD0017F703 /* Rakam+Test.m in Sources */,
				9DDE2C031AE7069200B740EC /* DeviceInfoTests.m in Sources */,
			);
			runOnlyForDeploymentPostprocessing = 0;
		};
/* End PBXSourcesBuildPhase section */

/* Begin XCBuildConfiguration section */
		343AB41C1CC99F4F00962943 /* Debug */ = {
			isa = XCBuildConfiguration;
			buildSettings = {
				CLANG_ANALYZER_NONNULL = YES;
				CLANG_ENABLE_OBJC_ARC = YES;
				CODE_SIGN_IDENTITY = "iPhone Developer";
				"CODE_SIGN_IDENTITY[sdk=iphoneos*]" = "iPhone Developer";
				CURRENT_PROJECT_VERSION = 1;
				DEBUG_INFORMATION_FORMAT = dwarf;
				DEFINES_MODULE = YES;
				DEVELOPMENT_TEAM = 3G4Z35PA84;
				DYLIB_COMPATIBILITY_VERSION = 1;
				DYLIB_CURRENT_VERSION = 1;
				DYLIB_INSTALL_NAME_BASE = "@rpath";
				GCC_NO_COMMON_BLOCKS = YES;
				INFOPLIST_FILE = RakamFramework/Info.plist;
				INSTALL_PATH = "$(LOCAL_LIBRARY_DIR)/Frameworks";
				IPHONEOS_DEPLOYMENT_TARGET = 8.0;
				LD_RUNPATH_SEARCH_PATHS = "$(inherited) @executable_path/Frameworks @loader_path/Frameworks";
				MODULEMAP_FILE = RakamFramework/Rakam.modulemap;
				PRODUCT_BUNDLE_IDENTIFIER = com.amplitude.RakamFramework;
				PRODUCT_NAME = Rakam;
				SKIP_INSTALL = YES;
				SWIFT_OPTIMIZATION_LEVEL = "-Onone";
				TARGETED_DEVICE_FAMILY = "1,2";
				VERSIONING_SYSTEM = "apple-generic";
				VERSION_INFO_PREFIX = "";
			};
			name = Debug;
		};
		343AB41D1CC99F4F00962943 /* Release */ = {
			isa = XCBuildConfiguration;
			buildSettings = {
				CLANG_ANALYZER_NONNULL = YES;
				CLANG_ENABLE_OBJC_ARC = YES;
				CODE_SIGN_IDENTITY = "iPhone Developer";
				"CODE_SIGN_IDENTITY[sdk=iphoneos*]" = "iPhone Developer";
				COPY_PHASE_STRIP = NO;
				CURRENT_PROJECT_VERSION = 1;
				DEBUG_INFORMATION_FORMAT = "dwarf-with-dsym";
				DEFINES_MODULE = YES;
				DEVELOPMENT_TEAM = 3G4Z35PA84;
				DYLIB_COMPATIBILITY_VERSION = 1;
				DYLIB_CURRENT_VERSION = 1;
				DYLIB_INSTALL_NAME_BASE = "@rpath";
				GCC_NO_COMMON_BLOCKS = YES;
				INFOPLIST_FILE = RakamFramework/Info.plist;
				INSTALL_PATH = "$(LOCAL_LIBRARY_DIR)/Frameworks";
				IPHONEOS_DEPLOYMENT_TARGET = 8.0;
				LD_RUNPATH_SEARCH_PATHS = "$(inherited) @executable_path/Frameworks @loader_path/Frameworks";
				MODULEMAP_FILE = RakamFramework/Rakam.modulemap;
				PRODUCT_BUNDLE_IDENTIFIER = com.amplitude.RakamFramework;
				PRODUCT_NAME = Rakam;
				SKIP_INSTALL = YES;
				TARGETED_DEVICE_FAMILY = "1,2";
				VERSIONING_SYSTEM = "apple-generic";
				VERSION_INFO_PREFIX = "";
			};
			name = Release;
		};
		600CBC691E2EF5B0001F58A9 /* Debug */ = {
			isa = XCBuildConfiguration;
			baseConfigurationReference = A553A7142982FCF36CA7B0D3 /* Pods-RakamTVOSTests.debug.xcconfig */;
			buildSettings = {
				CLANG_ANALYZER_NONNULL = YES;
				CLANG_ENABLE_OBJC_ARC = YES;
				CLANG_WARN_DOCUMENTATION_COMMENTS = YES;
				CLANG_WARN_INFINITE_RECURSION = YES;
				CLANG_WARN_SUSPICIOUS_MOVE = YES;
				CODE_SIGN_IDENTITY = "iPhone Developer";
				DEBUG_INFORMATION_FORMAT = dwarf;
				DEVELOPMENT_TEAM = 3G4Z35PA84;
				GCC_NO_COMMON_BLOCKS = YES;
				INFOPLIST_FILE = RakamTVOS/Info.plist;
				LD_RUNPATH_SEARCH_PATHS = "$(inherited) @executable_path/Frameworks @loader_path/Frameworks";
				PRODUCT_BUNDLE_IDENTIFIER = com.amplitude.RakamTVOSTestsTests;
				PRODUCT_NAME = "$(TARGET_NAME)";
				SDKROOT = appletvos;
				TVOS_DEPLOYMENT_TARGET = 10.1;
			};
			name = Debug;
		};
		600CBC6A1E2EF5B0001F58A9 /* Release */ = {
			isa = XCBuildConfiguration;
			baseConfigurationReference = 9723D871F0FD1F111C200175 /* Pods-RakamTVOSTests.release.xcconfig */;
			buildSettings = {
				CLANG_ANALYZER_NONNULL = YES;
				CLANG_ENABLE_OBJC_ARC = YES;
				CLANG_WARN_DOCUMENTATION_COMMENTS = YES;
				CLANG_WARN_INFINITE_RECURSION = YES;
				CLANG_WARN_SUSPICIOUS_MOVE = YES;
				CODE_SIGN_IDENTITY = "iPhone Developer";
				COPY_PHASE_STRIP = NO;
				DEBUG_INFORMATION_FORMAT = "dwarf-with-dsym";
				DEVELOPMENT_TEAM = 3G4Z35PA84;
				GCC_NO_COMMON_BLOCKS = YES;
				INFOPLIST_FILE = RakamTVOS/Info.plist;
				LD_RUNPATH_SEARCH_PATHS = "$(inherited) @executable_path/Frameworks @loader_path/Frameworks";
				PRODUCT_BUNDLE_IDENTIFIER = com.amplitude.RakamTVOSTestsTests;
				PRODUCT_NAME = "$(TARGET_NAME)";
				SDKROOT = appletvos;
				TVOS_DEPLOYMENT_TARGET = 10.1;
			};
			name = Release;
		};
		E98C05321A48E7FE00800C63 /* Debug */ = {
			isa = XCBuildConfiguration;
			buildSettings = {
				ALWAYS_SEARCH_USER_PATHS = NO;
				APPLICATION_EXTENSION_API_ONLY = NO;
				CLANG_CXX_LANGUAGE_STANDARD = "gnu++0x";
				CLANG_CXX_LIBRARY = "libc++";
				CLANG_ENABLE_MODULES = YES;
				CLANG_ENABLE_OBJC_ARC = NO;
				CLANG_ENABLE_OBJC_WEAK = YES;
				CLANG_WARN_BOOL_CONVERSION = YES;
				CLANG_WARN_CONSTANT_CONVERSION = YES;
				CLANG_WARN_DIRECT_OBJC_ISA_USAGE = YES_ERROR;
				CLANG_WARN_EMPTY_BODY = YES;
				CLANG_WARN_ENUM_CONVERSION = YES;
				CLANG_WARN_INFINITE_RECURSION = YES;
				CLANG_WARN_INT_CONVERSION = YES;
				CLANG_WARN_OBJC_ROOT_CLASS = YES_ERROR;
				CLANG_WARN_SUSPICIOUS_MOVE = YES;
				CLANG_WARN_UNREACHABLE_CODE = YES;
				CLANG_WARN__DUPLICATE_METHOD_MATCH = YES;
				CODE_SIGN_IDENTITY = "iPhone Developer";
				COPY_PHASE_STRIP = NO;
				DEVELOPMENT_TEAM = 3G4Z35PA84;
				ENABLE_STRICT_OBJC_MSGSEND = YES;
				ENABLE_TESTABILITY = YES;
				FRAMEWORK_SEARCH_PATHS = "$(inherited)";
				GCC_C_LANGUAGE_STANDARD = gnu99;
				GCC_DYNAMIC_NO_PIC = NO;
				GCC_NO_COMMON_BLOCKS = YES;
				GCC_OPTIMIZATION_LEVEL = 0;
				GCC_PREPROCESSOR_DEFINITIONS = (
					"DEBUG=1",
					"$(inherited)",
				);
				GCC_SYMBOLS_PRIVATE_EXTERN = NO;
				GCC_WARN_64_TO_32_BIT_CONVERSION = YES;
				GCC_WARN_ABOUT_RETURN_TYPE = YES_ERROR;
				GCC_WARN_UNDECLARED_SELECTOR = YES;
				GCC_WARN_UNINITIALIZED_AUTOS = YES_AGGRESSIVE;
				GCC_WARN_UNUSED_FUNCTION = YES;
				GCC_WARN_UNUSED_VARIABLE = YES;
				IPHONEOS_DEPLOYMENT_TARGET = 8.0;
				MTL_ENABLE_DEBUG_INFO = YES;
				ONLY_ACTIVE_ARCH = YES;
				OTHER_LDFLAGS = (
					"-lsqlite3.0",
					"-ObjC",
				);
				SDKROOT = iphoneos;
			};
			name = Debug;
		};
		E98C05331A48E7FE00800C63 /* Release */ = {
			isa = XCBuildConfiguration;
			buildSettings = {
				ALWAYS_SEARCH_USER_PATHS = NO;
				APPLICATION_EXTENSION_API_ONLY = NO;
				CLANG_CXX_LANGUAGE_STANDARD = "gnu++0x";
				CLANG_CXX_LIBRARY = "libc++";
				CLANG_ENABLE_MODULES = YES;
				CLANG_ENABLE_OBJC_ARC = NO;
				CLANG_ENABLE_OBJC_WEAK = YES;
				CLANG_WARN_BOOL_CONVERSION = YES;
				CLANG_WARN_CONSTANT_CONVERSION = YES;
				CLANG_WARN_DIRECT_OBJC_ISA_USAGE = YES_ERROR;
				CLANG_WARN_EMPTY_BODY = YES;
				CLANG_WARN_ENUM_CONVERSION = YES;
				CLANG_WARN_INFINITE_RECURSION = YES;
				CLANG_WARN_INT_CONVERSION = YES;
				CLANG_WARN_OBJC_ROOT_CLASS = YES_ERROR;
				CLANG_WARN_SUSPICIOUS_MOVE = YES;
				CLANG_WARN_UNREACHABLE_CODE = YES;
				CLANG_WARN__DUPLICATE_METHOD_MATCH = YES;
				CODE_SIGN_IDENTITY = "iPhone Developer";
				COPY_PHASE_STRIP = YES;
				DEVELOPMENT_TEAM = 3G4Z35PA84;
				ENABLE_NS_ASSERTIONS = NO;
				ENABLE_STRICT_OBJC_MSGSEND = YES;
				FRAMEWORK_SEARCH_PATHS = "$(inherited)";
				GCC_C_LANGUAGE_STANDARD = gnu99;
				GCC_NO_COMMON_BLOCKS = YES;
				GCC_WARN_64_TO_32_BIT_CONVERSION = YES;
				GCC_WARN_ABOUT_RETURN_TYPE = YES_ERROR;
				GCC_WARN_UNDECLARED_SELECTOR = YES;
				GCC_WARN_UNINITIALIZED_AUTOS = YES_AGGRESSIVE;
				GCC_WARN_UNUSED_FUNCTION = YES;
				GCC_WARN_UNUSED_VARIABLE = YES;
				IPHONEOS_DEPLOYMENT_TARGET = 8.0;
				MTL_ENABLE_DEBUG_INFO = NO;
				OTHER_LDFLAGS = (
					"-lsqlite3.0",
					"-ObjC",
				);
				SDKROOT = iphoneos;
				VALIDATE_PRODUCT = YES;
			};
			name = Release;
		};
		E98C05351A48E7FE00800C63 /* Debug */ = {
			isa = XCBuildConfiguration;
			buildSettings = {
				APPLICATION_EXTENSION_API_ONLY = YES;
				CLANG_ENABLE_OBJC_ARC = NO;
				CODE_SIGN_IDENTITY = "iPhone Developer";
				DEVELOPMENT_TEAM = 3G4Z35PA84;
				FRAMEWORK_SEARCH_PATHS = "$(inherited)";
				OTHER_LDFLAGS = "-ObjC";
				PRODUCT_NAME = "$(TARGET_NAME)";
				SKIP_INSTALL = YES;
			};
			name = Debug;
		};
		E98C05361A48E7FE00800C63 /* Release */ = {
			isa = XCBuildConfiguration;
			buildSettings = {
				APPLICATION_EXTENSION_API_ONLY = YES;
				CLANG_ENABLE_OBJC_ARC = NO;
				CODE_SIGN_IDENTITY = "iPhone Developer";
				DEVELOPMENT_TEAM = 3G4Z35PA84;
				FRAMEWORK_SEARCH_PATHS = "$(inherited)";
				OTHER_LDFLAGS = "-ObjC";
				PRODUCT_NAME = "$(TARGET_NAME)";
				SKIP_INSTALL = YES;
			};
			name = Release;
		};
		E98C05381A48E7FE00800C63 /* Debug */ = {
			isa = XCBuildConfiguration;
			baseConfigurationReference = BBEDD10CA8A6B9F1D5F260BB /* Pods-RakamTests.debug.xcconfig */;
			buildSettings = {
				CLANG_ENABLE_OBJC_ARC = NO;
				CODE_SIGN_IDENTITY = "iPhone Developer";
				"CODE_SIGN_IDENTITY[sdk=iphoneos*]" = "iPhone Developer";
				DEBUG_INFORMATION_FORMAT = dwarf;
				DEVELOPMENT_TEAM = 3G4Z35PA84;
				FRAMEWORK_SEARCH_PATHS = "$(inherited)";
				GCC_PREPROCESSOR_DEFINITIONS = (
					"DEBUG=1",
					"$(inherited)",
					"RAKAM_SSL_PINNING=1",
				);
				INFOPLIST_FILE = RakamTests/Info.plist;
				LD_RUNPATH_SEARCH_PATHS = "$(inherited) @executable_path/Frameworks @loader_path/Frameworks";
				PRODUCT_NAME = "$(TARGET_NAME)";
				PROVISIONING_PROFILE_SPECIFIER = "";
			};
			name = Debug;
		};
		E98C05391A48E7FE00800C63 /* Release */ = {
			isa = XCBuildConfiguration;
			baseConfigurationReference = 59E837BC70064214FD8C88C1 /* Pods-RakamTests.release.xcconfig */;
			buildSettings = {
				CLANG_ENABLE_OBJC_ARC = NO;
				CODE_SIGN_IDENTITY = "iPhone Developer";
				"CODE_SIGN_IDENTITY[sdk=iphoneos*]" = "iPhone Developer";
				DEBUG_INFORMATION_FORMAT = dwarf;
				DEVELOPMENT_TEAM = 3G4Z35PA84;
				FRAMEWORK_SEARCH_PATHS = "$(inherited)";
				GCC_PREPROCESSOR_DEFINITIONS = (
					"$(inherited)",
					"COCOAPODS=1",
					"RAKAM_SSL_PINNING=1",
				);
				INFOPLIST_FILE = RakamTests/Info.plist;
				LD_RUNPATH_SEARCH_PATHS = "$(inherited) @executable_path/Frameworks @loader_path/Frameworks";
				PRODUCT_NAME = "$(TARGET_NAME)";
				PROVISIONING_PROFILE_SPECIFIER = "";
			};
			name = Release;
		};
/* End XCBuildConfiguration section */

/* Begin XCConfigurationList section */
		343AB41E1CC99F4F00962943 /* Build configuration list for PBXNativeTarget "RakamFramework" */ = {
			isa = XCConfigurationList;
			buildConfigurations = (
				343AB41C1CC99F4F00962943 /* Debug */,
				343AB41D1CC99F4F00962943 /* Release */,
			);
			defaultConfigurationIsVisible = 0;
			defaultConfigurationName = Release;
		};
		600CBC681E2EF5B0001F58A9 /* Build configuration list for PBXNativeTarget "RakamTVOSTests" */ = {
			isa = XCConfigurationList;
			buildConfigurations = (
				600CBC691E2EF5B0001F58A9 /* Debug */,
				600CBC6A1E2EF5B0001F58A9 /* Release */,
			);
			defaultConfigurationIsVisible = 0;
			defaultConfigurationName = Release;
		};
		E98C051E1A48E7FE00800C63 /* Build configuration list for PBXProject "Rakam" */ = {
			isa = XCConfigurationList;
			buildConfigurations = (
				E98C05321A48E7FE00800C63 /* Debug */,
				E98C05331A48E7FE00800C63 /* Release */,
			);
			defaultConfigurationIsVisible = 0;
			defaultConfigurationName = Release;
		};
		E98C05341A48E7FE00800C63 /* Build configuration list for PBXNativeTarget "Rakam" */ = {
			isa = XCConfigurationList;
			buildConfigurations = (
				E98C05351A48E7FE00800C63 /* Debug */,
				E98C05361A48E7FE00800C63 /* Release */,
			);
			defaultConfigurationIsVisible = 0;
			defaultConfigurationName = Release;
		};
		E98C05371A48E7FE00800C63 /* Build configuration list for PBXNativeTarget "RakamTests" */ = {
			isa = XCConfigurationList;
			buildConfigurations = (
				E98C05381A48E7FE00800C63 /* Debug */,
				E98C05391A48E7FE00800C63 /* Release */,
			);
			defaultConfigurationIsVisible = 0;
			defaultConfigurationName = Release;
		};
/* End XCConfigurationList section */
	};
	rootObject = E98C051B1A48E7FE00800C63 /* Project object */;
}
